{
  "name": "@cnpm/paging",
  "version": "2.0.0",
  "lockfileVersion": 1,
  "requires": true,
  "dependencies": {
    "clean-css": {
      "version": "4.1.9",
      "resolved": "http://10.10.160.127:7001/clean-css/download/clean-css-4.1.9.tgz",
      "integrity": "sha1-Nc7ornaHpJuYA09w3gDE7dOCYwE=",
      "dev": true,
      "requires": {
        "source-map": "0.5.7"
      }
    },
    "jquery": {
      "version": "3.2.1",
      "resolved": "http://10.10.160.127:7001/jquery/download/jquery-3.2.1.tgz",
      "integrity": "sha1-XE2d5lKvbNCncBVKYxu6ErAVx4c="
    },
    "source-map": {
      "version": "0.5.7",
      "resolved": "http://10.10.160.127:7001/source-map/download/source-map-0.5.7.tgz",
      "integrity": "sha1-igOdLRAh0i0eoUyA2OpGi6LvP8w=",
      "dev": true
    }
  }
}
